<?xml version="1.0" encoding="utf-8"?>
<Project ToolsVersion="4.0" xmlns="http://schemas.microsoft.com/developer/msbuild/2003">
  <ItemGroup>
    <Filter Include="Source Files">
      <UniqueIdentifier>{4FC737F1-C7A5-4376-A066-2A32D752A2FF}</UniqueIdentifier>
      <Extensions>cpp;c;cc;cxx;c++;cppm;ixx;def;odl;idl;hpj;bat;asm;asmx</Extensions>
    </Filter>
    <Filter Include="Header Files">
      <UniqueIdentifier>{93995380-89BD-4b04-88EB-625FBE52EBFB}</UniqueIdentifier>
      <Extensions>h;hh;hpp;hxx;h++;hm;inl;inc;ipp;xsd</Extensions>
    </Filter>
    <Filter Include="Resource Files">
      <UniqueIdentifier>{67DA6AB6-F800-4c08-8B7A-83BB121AAD01}</UniqueIdentifier>
      <Extensions>rc;ico;cur;bmp;dlg;rc2;rct;bin;rgs;gif;jpg;jpeg;jpe;resx;tiff;tif;png;wav;mfcribbon-ms</Extensions>
    </Filter>
    <Filter Include="Source Files\Core">
      <UniqueIdentifier>{fb40c27f-4063-4100-a6df-ad400ae52345}</UniqueIdentifier>
    </Filter>
    <Filter Include="Header Files\Core">
      <UniqueIdentifier>{27b5c109-8853-476b-8359-9023323b8c71}</UniqueIdentifier>
    </Filter>
    <Filter Include="Header Files\Scenes">
      <UniqueIdentifier>{4cc062fe-1d14-4ada-a576-cc7ca5b9a567}</UniqueIdentifier>
    </Filter>
    <Filter Include="Source Files\Scenes">
      <UniqueIdentifier>{b0a39ac1-cb2e-4a86-9a47-6a0dfadc8037}</UniqueIdentifier>
    </Filter>
    <Filter Include="Resource Files\Shaders">
      <UniqueIdentifier>{cc4d759e-2b3a-40b2-b58e-906569fad76e}</UniqueIdentifier>
    </Filter>
    <Filter Include="Resource Files\Shaders\Vertex">
      <UniqueIdentifier>{5c2e5a8d-7fd4-4185-8acb-34e99cc8e2ab}</UniqueIdentifier>
    </Filter>
    <Filter Include="Resource Files\Shaders\Fragment">
      <UniqueIdentifier>{1ba98911-2a72-4629-8831-95ec8e911eaf}</UniqueIdentifier>
    </Filter>
    <Filter Include="Resource Files\Texture">
      <UniqueIdentifier>{a35f15b3-5d0e-4584-be3b-ce9a0a3b861f}</UniqueIdentifier>
    </Filter>
    <Filter Include="Resource Files\Sound">
      <UniqueIdentifier>{8fa4591d-9ae3-4df7-adc0-50bbb5fb5cb8}</UniqueIdentifier>
    </Filter>
  </ItemGroup>
  <ItemGroup>
    <ClCompile Include="Main.cpp">
      <Filter>Source Files\Core</Filter>
    </ClCompile>
    <ClCompile Include="Engine.cpp">
      <Filter>Source Files\Core</Filter>
    </ClCompile>
    <ClCompile Include="Scene.cpp">
      <Filter>Source Files\Core</Filter>
    </ClCompile>
    <ClCompile Include="Display.cpp">
      <Filter>Source Files\Core</Filter>
    </ClCompile>
    <ClCompile Include="Shader.cpp">
      <Filter>Source Files\Core</Filter>
    </ClCompile>
    <ClCompile Include="BumpScene.cpp">
      <Filter>Source Files\Scenes</Filter>
    </ClCompile>
    <ClCompile Include="Texture.cpp">
      <Filter>Source Files\Core</Filter>
    </ClCompile>
    <ClCompile Include="Mesh.cpp">
      <Filter>Source Files\Core</Filter>
    </ClCompile>
    <ClCompile Include="obj_loader.cpp">
      <Filter>Source Files\Core</Filter>
    </ClCompile>
    <ClCompile Include="stb_image.c">
      <Filter>Source Files\Core</Filter>
    </ClCompile>
    <ClCompile Include="RimScene.cpp">
      <Filter>Source Files\Scenes</Filter>
    </ClCompile>
    <ClCompile Include="ToonScene.cpp">
      <Filter>Source Files\Scenes</Filter>
    </ClCompile>
    <ClCompile Include="AmbientLightScene.cpp">
      <Filter>Source Files\Scenes</Filter>
    </ClCompile>
    <ClCompile Include="PointLightScene.cpp">
      <Filter>Source Files\Scenes</Filter>
    </ClCompile>
    <ClCompile Include="SpotLightScene.cpp">
      <Filter>Source Files\Scenes</Filter>
    </ClCompile>
    <ClCompile Include="WaterScene.cpp">
      <Filter>Source Files\Scenes</Filter>
    </ClCompile>
    <ClCompile Include="FadeScene.cpp">
      <Filter>Source Files\Scenes</Filter>
    </ClCompile>
    <ClCompile Include="NormalTextureScene.cpp">
      <Filter>Source Files\Scenes</Filter>
    </ClCompile>
    <ClCompile Include="DefaultScene.cpp">
      <Filter>Source Files\Scenes</Filter>
    </ClCompile>
  </ItemGroup>
  <ItemGroup>
    <ClInclude Include="Engine.h">
      <Filter>Header Files\Core</Filter>
    </ClInclude>
    <ClInclude Include="Scene.h">
      <Filter>Header Files\Core</Filter>
    </ClInclude>
    <ClInclude Include="Display.h">
      <Filter>Header Files\Core</Filter>
    </ClInclude>
    <ClInclude Include="Camera.h">
      <Filter>Header Files\Core</Filter>
    </ClInclude>
    <ClInclude Include="Shader.h">
      <Filter>Header Files\Core</Filter>
    </ClInclude>
    <ClInclude Include="BumpScene.h">
      <Filter>Header Files\Scenes</Filter>
    </ClInclude>
    <ClInclude Include="Transform.h">
      <Filter>Header Files\Core</Filter>
    </ClInclude>
    <ClInclude Include="Texture.h">
      <Filter>Header Files\Core</Filter>
    </ClInclude>
    <ClInclude Include="stb_image.h">
      <Filter>Header Files\Core</Filter>
    </ClInclude>
    <ClInclude Include="Mesh.h">
      <Filter>Header Files\Core</Filter>
    </ClInclude>
    <ClInclude Include="obj_loader.h">
      <Filter>Header Files\Core</Filter>
    </ClInclude>
    <ClInclude Include="RimScene.h">
      <Filter>Header Files\Scenes</Filter>
    </ClInclude>
    <ClInclude Include="ToonScene.h">
      <Filter>Header Files\Scenes</Filter>
    </ClInclude>
    <ClInclude Include="AmbientLightScene.h">
      <Filter>Header Files\Scenes</Filter>
    </ClInclude>
    <ClInclude Include="PointLightScene.h">
      <Filter>Header Files\Scenes</Filter>
    </ClInclude>
    <ClInclude Include="SpotLightScene.h">
      <Filter>Header Files\Scenes</Filter>
    </ClInclude>
    <ClInclude Include="WaterScene.h">
      <Filter>Header Files\Scenes</Filter>
    </ClInclude>
    <ClInclude Include="FadeScene.h">
      <Filter>Header Files\Scenes</Filter>
    </ClInclude>
    <ClInclude Include="NormalTextureScene.h">
      <Filter>Header Files\Scenes</Filter>
    </ClInclude>
    <ClInclude Include="DefaultScene.h">
      <Filter>Header Files\Scenes</Filter>
    </ClInclude>
  </ItemGroup>
  <ItemGroup>
    <None Include="..\res\fogShader.vert">
      <Filter>Resource Files\Shaders\Vertex</Filter>
    </None>
    <None Include="..\res\bump.vert">
      <Filter>Resource Files\Shaders\Vertex</Filter>
    </None>
    <None Include="..\res\bump.frag">
      <Filter>Resource Files\Shaders\Fragment</Filter>
    </None>
    <None Include="..\res\fogShader.frag">
      <Filter>Resource Files\Shaders\Fragment</Filter>
    </None>
    <None Include="..\res\noBump.frag">
      <Filter>Resource Files\Shaders\Fragment</Filter>
    </None>
    <None Include="..\res\noBump.vert">
      <Filter>Resource Files\Shaders\Vertex</Filter>
    </None>
    <None Include="..\res\Rim.frag">
      <Filter>Resource Files\Shaders\Fragment</Filter>
    </None>
    <None Include="..\res\Rim.vert">
      <Filter>Resource Files\Shaders\Vertex</Filter>
    </None>
    <None Include="..\res\shaderToon.frag">
      <Filter>Resource Files\Shaders\Fragment</Filter>
    </None>
    <None Include="..\res\shaderToon.vert">
      <Filter>Resource Files\Shaders\Vertex</Filter>
    </None>
    <None Include="..\res\Light.frag">
      <Filter>Resource Files\Shaders\Fragment</Filter>
    </None>
    <None Include="..\res\Light.vert">
      <Filter>Resource Files\Shaders\Vertex</Filter>
    </None>
    <None Include="..\res\water.frag">
      <Filter>Resource Files\Shaders\Fragment</Filter>
    </None>
    <None Include="..\res\water.vert">
      <Filter>Resource Files\Shaders\Vertex</Filter>
    </None>
    <None Include="..\res\fade.frag">
      <Filter>Resource Files\Shaders\Fragment</Filter>
    </None>
    <None Include="..\res\fade.vert">
      <Filter>Resource Files\Shaders\Vertex</Filter>
    </None>
    <None Include="..\res\normalTex.frag">
      <Filter>Resource Files\Shaders\Fragment</Filter>
    </None>
    <None Include="..\res\normalTex.vert">
      <Filter>Resource Files\Shaders\Vertex</Filter>
    </None>
  </ItemGroup>
  <ItemGroup>
    <Media Include="..\res\background.wav">
      <Filter>Resource Files\Sound</Filter>
    </Media>
    <Media Include="..\res\bang.wav">
      <Filter>Resource Files\Sound</Filter>
    </Media>
    <Media Include="..\res\scene.wav">
      <Filter>Resource Files\Sound</Filter>
    </Media>
    <Media Include="..\res\whistle.wav">
      <Filter>Resource Files\Sound</Filter>
    </Media>
    <Media Include="..\res\whistle1.wav">
      <Filter>Resource Files\Sound</Filter>
    </Media>
    <Media Include="..\res\whistle2.wav">
      <Filter>Resource Files\Sound</Filter>
    </Media>
    <Media Include="..\res\whistle3.wav">
      <Filter>Resource Files\Sound</Filter>
    </Media>
  </ItemGroup>
  <ItemGroup>
    <Image Include="..\res\bricks.jpg">
      <Filter>Resource Files\Texture</Filter>
    </Image>
    <Image Include="..\res\brickwall.jpg">
      <Filter>Resource Files\Texture</Filter>
    </Image>
    <Image Include="..\res\n.jpg">
      <Filter>Resource Files\Texture</Filter>
    </Image>
    <Image Include="..\res\normal.jpg">
      <Filter>Resource Files\Texture</Filter>
    </Image>
    <Image Include="..\res\rock.jpg">
      <Filter>Resource Files\Texture</Filter>
    </Image>
    <Image Include="..\res\Water.jpg">
      <Filter>Resource Files\Texture</Filter>
    </Image>
    <Image Include="..\res\white.jpg">
      <Filter>Resource Files\Texture</Filter>
    </Image>
  </ItemGroup>
</Project>